
Microsoft Visual Studio Solution File, Format Version 12.00
# Visual Studio 2013
VisualStudioVersion = 12.0.40629.0
MinimumVisualStudioVersion = 10.0.40219.1
Project("{FAE04EC0-301F-11D3-BF4B-00C04F79EFBC}") = "myAfe.Web", "myAfe.Web\myAfe.Web.csproj", "{AE65F73A-2A51-4DCB-B6B7-F50255FFFC68}"
EndProject
Global
	GlobalSection(TeamFoundationVersionControl) = preSolution
		SccNumberOfProjects = 2
		SccEnterpriseProvider = {4CA58AB2-18FA-4F8D-95D4-32DDF27D184C}
		SccTeamFoundationServer = http://192.168.3.197:8080/tfs/defaultcollection
		SccLocalPath0 = .
		SccProjectUniqueName1 = myAfe.Web\\myAfe.Web.csproj
		SccProjectName1 = myAfe.Web
		SccLocalPath1 = myAfe.Web
	EndGlobalSection
	GlobalSection(SolutionConfigurationPlatforms) = preSolution
		Debug|Any CPU = Debug|Any CPU
		Release|Any CPU = Release|Any CPU
	EndGlobalSection
	GlobalSection(ProjectConfigurationPlatforms) = postSolution
		{AE65F73A-2A51-4DCB-B6B7-F50255FFFC68}.Debug|Any CPU.ActiveCfg = Debug|Any CPU
		{AE65F73A-2A51-4DCB-B6B7-F50255FFFC68}.Debug|Any CPU.Build.0 = Debug|Any CPU
		{AE65F73A-2A51-4DCB-B6B7-F50255FFFC68}.Release|Any CPU.ActiveCfg = Release|Any CPU
		{AE65F73A-2A51-4DCB-B6B7-F50255FFFC68}.Release|Any CPU.Build.0 = Release|Any CPU
	EndGlobalSection
	GlobalSection(SolutionProperties) = preSolution
		HideSolutionNode = FALSE
	EndGlobalSection
EndGlobal
